
Microsoft Visual Studio Solution File, Format Version 12.00
Project("{FAE04EC0-301F-11D3-BF4B-00C04F79EFBC}") = "Chiapos.Dotnet", "src\Chiapos.Dotnet\Chiapos.Dotnet.csproj", "{E51CFC93-DE4E-483D-9BC2-29D3F44DDE8F}"
EndProject
Project("{FAE04EC0-301F-11D3-BF4B-00C04F79EFBC}") = "Chiapos.Dotnet.Tests", "tests\Chiapos.Dotnet.Tests\Chiapos.Dotnet.Tests.csproj", "{C23C79D1-2E96-489D-8014-47877EA6FCC9}"
EndProject
Project("{2150E333-8FDC-42A3-9474-1A3956D46DE8}") = "3rdparty", "3rdparty", "{97358EFC-80FB-4FB2-9DE6-4A2BA8112205}"
EndProject
Project("{FAE04EC0-301F-11D3-BF4B-00C04F79EFBC}") = "FiniteStateEntropy", "3rdparty\fse\src\FiniteStateEntropy\FiniteStateEntropy.csproj", "{28AD15C3-2D81-4716-96FC-36C4F1046BD4}"
EndProject
Project("{FAE04EC0-301F-11D3-BF4B-00C04F79EFBC}") = "Blake3", "3rdparty\blake3\src\Blake3\Blake3.csproj", "{721CE655-CE03-48AF-8A84-5267AFDBD4A4}"
EndProject
Global
	GlobalSection(SolutionConfigurationPlatforms) = preSolution
		Debug|Any CPU = Debug|Any CPU
		Release|Any CPU = Release|Any CPU
		Debug|x64 = Debug|x64
		Release|x64 = Release|x64
		DebugMac|x64 = DebugMac|x64
		ReleaseMac|x64 = ReleaseMac|x64
		DebugLinux|x64 = DebugLinux|x64
		ReleaseLinux|x64 = ReleaseLinux|x64
	EndGlobalSection
	GlobalSection(ProjectConfigurationPlatforms) = postSolution
		{E51CFC93-DE4E-483D-9BC2-29D3F44DDE8F}.Debug|x64.ActiveCfg = Debug|x64
		{E51CFC93-DE4E-483D-9BC2-29D3F44DDE8F}.Debug|x64.Build.0 = Debug|x64
		{E51CFC93-DE4E-483D-9BC2-29D3F44DDE8F}.Release|x64.ActiveCfg = Release|x64
		{E51CFC93-DE4E-483D-9BC2-29D3F44DDE8F}.Release|Any CPU.ActiveCfg = Release|Any CPU
		{E51CFC93-DE4E-483D-9BC2-29D3F44DDE8F}.Debug|Any CPU.ActiveCfg = Debug|Any CPU
		{E51CFC93-DE4E-483D-9BC2-29D3F44DDE8F}.Debug|Any CPU.Build.0 = Debug|Any CPU
		{E51CFC93-DE4E-483D-9BC2-29D3F44DDE8F}.Release|Any CPU.Build.0 = Release|Any CPU
		{E51CFC93-DE4E-483D-9BC2-29D3F44DDE8F}.DebugMac|x64.ActiveCfg = DebugMac|x64
		{E51CFC93-DE4E-483D-9BC2-29D3F44DDE8F}.DebugMac|x64.Build.0 = DebugMac|x64
		{E51CFC93-DE4E-483D-9BC2-29D3F44DDE8F}.ReleaseMac|x64.ActiveCfg = ReleaseMac|x64
		{E51CFC93-DE4E-483D-9BC2-29D3F44DDE8F}.ReleaseMac|x64.Build.0 = ReleaseMac|x64
		{E51CFC93-DE4E-483D-9BC2-29D3F44DDE8F}.DebugLinux|x64.ActiveCfg = DebugLinux|x64
		{E51CFC93-DE4E-483D-9BC2-29D3F44DDE8F}.DebugLinux|x64.Build.0 = DebugLinux|x64
		{E51CFC93-DE4E-483D-9BC2-29D3F44DDE8F}.ReleaseLinux|x64.ActiveCfg = ReleaseLinux|x64
		{E51CFC93-DE4E-483D-9BC2-29D3F44DDE8F}.ReleaseLinux|x64.Build.0 = ReleaseLinux|x64
		{C23C79D1-2E96-489D-8014-47877EA6FCC9}.Debug|x64.ActiveCfg = Debug|x64
		{C23C79D1-2E96-489D-8014-47877EA6FCC9}.Debug|x64.Build.0 = Debug|x64
		{C23C79D1-2E96-489D-8014-47877EA6FCC9}.Release|x64.ActiveCfg = Release|x64
		{C23C79D1-2E96-489D-8014-47877EA6FCC9}.Release|Any CPU.ActiveCfg = Release|Any CPU
		{C23C79D1-2E96-489D-8014-47877EA6FCC9}.Debug|Any CPU.ActiveCfg = Debug|Any CPU
		{C23C79D1-2E96-489D-8014-47877EA6FCC9}.Debug|Any CPU.Build.0 = Debug|Any CPU
		{C23C79D1-2E96-489D-8014-47877EA6FCC9}.Release|Any CPU.Build.0 = Release|Any CPU
		{C23C79D1-2E96-489D-8014-47877EA6FCC9}.DebugMac|x64.ActiveCfg = DebugMac|x64
		{C23C79D1-2E96-489D-8014-47877EA6FCC9}.DebugMac|x64.Build.0 = DebugMac|x64
		{C23C79D1-2E96-489D-8014-47877EA6FCC9}.ReleaseMac|x64.ActiveCfg = ReleaseMac|x64
		{C23C79D1-2E96-489D-8014-47877EA6FCC9}.ReleaseMac|x64.Build.0 = ReleaseMac|x64
		{C23C79D1-2E96-489D-8014-47877EA6FCC9}.DebugLinux|x64.ActiveCfg = DebugLinux|x64
		{C23C79D1-2E96-489D-8014-47877EA6FCC9}.DebugLinux|x64.Build.0 = DebugLinux|x64
		{C23C79D1-2E96-489D-8014-47877EA6FCC9}.ReleaseLinux|x64.ActiveCfg = ReleaseLinux|x64
		{C23C79D1-2E96-489D-8014-47877EA6FCC9}.ReleaseLinux|x64.Build.0 = ReleaseLinux|x64
		{28AD15C3-2D81-4716-96FC-36C4F1046BD4}.Debug|x64.ActiveCfg = Debug|x64
		{28AD15C3-2D81-4716-96FC-36C4F1046BD4}.Debug|x64.Build.0 = Debug|x64
		{28AD15C3-2D81-4716-96FC-36C4F1046BD4}.Release|x64.ActiveCfg = Release|x64
		{28AD15C3-2D81-4716-96FC-36C4F1046BD4}.Release|Any CPU.ActiveCfg = Release|Any CPU
		{28AD15C3-2D81-4716-96FC-36C4F1046BD4}.Debug|Any CPU.ActiveCfg = Debug|Any CPU
		{28AD15C3-2D81-4716-96FC-36C4F1046BD4}.Debug|Any CPU.Build.0 = Debug|Any CPU
		{28AD15C3-2D81-4716-96FC-36C4F1046BD4}.Release|Any CPU.Build.0 = Release|Any CPU
		{28AD15C3-2D81-4716-96FC-36C4F1046BD4}.DebugMac|x64.ActiveCfg = Debug|x64
		{28AD15C3-2D81-4716-96FC-36C4F1046BD4}.DebugMac|x64.Build.0 = Debug|x64
		{28AD15C3-2D81-4716-96FC-36C4F1046BD4}.ReleaseMac|x64.ActiveCfg = Release|x64
		{28AD15C3-2D81-4716-96FC-36C4F1046BD4}.ReleaseMac|x64.Build.0 = Release|x64
		{28AD15C3-2D81-4716-96FC-36C4F1046BD4}.DebugLinux|x64.ActiveCfg = Debug|x64
		{28AD15C3-2D81-4716-96FC-36C4F1046BD4}.DebugLinux|x64.Build.0 = Debug|x64
		{28AD15C3-2D81-4716-96FC-36C4F1046BD4}.ReleaseLinux|x64.ActiveCfg = Release|x64
		{28AD15C3-2D81-4716-96FC-36C4F1046BD4}.ReleaseLinux|x64.Build.0 = Release|x64
		{721CE655-CE03-48AF-8A84-5267AFDBD4A4}.Release|Any CPU.ActiveCfg = Release|Any CPU
		{721CE655-CE03-48AF-8A84-5267AFDBD4A4}.Release|Any CPU.Build.0 = Release|Any CPU
		{721CE655-CE03-48AF-8A84-5267AFDBD4A4}.Debug|x64.ActiveCfg = Debug|x64
		{721CE655-CE03-48AF-8A84-5267AFDBD4A4}.Debug|x64.Build.0 = Debug|x64
		{721CE655-CE03-48AF-8A84-5267AFDBD4A4}.Release|x64.ActiveCfg = Release|x64
		{721CE655-CE03-48AF-8A84-5267AFDBD4A4}.Debug|Any CPU.ActiveCfg = Debug|Any CPU
		{721CE655-CE03-48AF-8A84-5267AFDBD4A4}.Debug|Any CPU.Build.0 = Debug|Any CPU
		{721CE655-CE03-48AF-8A84-5267AFDBD4A4}.DebugMac|x64.ActiveCfg = Debug|x64
		{721CE655-CE03-48AF-8A84-5267AFDBD4A4}.DebugMac|x64.Build.0 = Debug|x64
		{721CE655-CE03-48AF-8A84-5267AFDBD4A4}.ReleaseMac|x64.ActiveCfg = Release|x64
		{721CE655-CE03-48AF-8A84-5267AFDBD4A4}.ReleaseMac|x64.Build.0 = Release|x64
		{721CE655-CE03-48AF-8A84-5267AFDBD4A4}.DebugLinux|x64.ActiveCfg = Debug|x64
		{721CE655-CE03-48AF-8A84-5267AFDBD4A4}.DebugLinux|x64.Build.0 = Debug|x64
		{721CE655-CE03-48AF-8A84-5267AFDBD4A4}.ReleaseLinux|x64.ActiveCfg = Release|x64
		{721CE655-CE03-48AF-8A84-5267AFDBD4A4}.ReleaseLinux|x64.Build.0 = Release|x64
	EndGlobalSection
	GlobalSection(NestedProjects) = preSolution
		{28AD15C3-2D81-4716-96FC-36C4F1046BD4} = {97358EFC-80FB-4FB2-9DE6-4A2BA8112205}
		{721CE655-CE03-48AF-8A84-5267AFDBD4A4} = {97358EFC-80FB-4FB2-9DE6-4A2BA8112205}
	EndGlobalSection
EndGlobal
